# This file is generated by running "yarn install" inside your project.
# Manual changes might be lost - proceed with caution!

__metadata:
  version: 8
  cacheKey: 10c0

"@isaacs/fs-minipass@npm:^4.0.0":
  version: 4.0.1
  resolution: "@isaacs/fs-minipass@npm:4.0.1"
  dependencies:
    minipass: "npm:^7.0.4"
  checksum: 10c0/c25b6dc1598790d5b55c0947a9b7d111cfa92594db5296c3b907e2f533c033666f692a3939eadac17b1c7c40d362d0b0635dc874cbfe3e70db7c2b07cc97a5d2
  languageName: node
  linkType: hard

"@socket.io/component-emitter@npm:~3.1.0":
  version: 3.1.2
  resolution: "@socket.io/component-emitter@npm:3.1.2"
  checksum: 10c0/c4242bad66f67e6f7b712733d25b43cbb9e19a595c8701c3ad99cbeb5901555f78b095e24852f862fffb43e96f1d8552e62def885ca82ae1bb05da3668fd87d7
  languageName: node
  linkType: hard

"@types/cors@npm:^2.8.12":
  version: 2.8.19
  resolution: "@types/cors@npm:2.8.19"
  dependencies:
    "@types/node": "npm:*"
  checksum: 10c0/b5dd407040db7d8aa1bd36e79e5f3f32292f6b075abc287529e9f48df1a25fda3e3799ba30b4656667ffb931d3b75690c1d6ca71e39f7337ea6dfda8581916d0
  languageName: node
  linkType: hard

"@types/node@npm:*, @types/node@npm:>=10.0.0":
  version: 25.9.3
  resolution: "@types/node@npm:25.9.3"
  dependencies:
    undici-types: "npm:>=7.24.0 <7.24.7"
  checksum: 10c0/72d3aece9d42c2c641bcd3f3cb2dc2828b4bd384dfcbd910c404b8859a68bd69d50c4769ce7defd4ff5e049768e23e615f09407ea2cbbb5f44b90d75a7c6b8ca
  languageName: node
  linkType: hard

"@types/ws@npm:^8.5.12":
  version: 8.18.1
  resolution: "@types/ws@npm:8.18.1"
  dependencies:
    "@types/node": "npm:*"
  checksum: 10c0/61aff1129143fcc4312f083bc9e9e168aa3026b7dd6e70796276dcfb2c8211c4292603f9c4864fae702f2ed86e4abd4d38aa421831c2fd7f856c931a481afbab
  languageName: node
  linkType: hard

"abbrev@npm:^5.0.0":
  version: 5.0.0
  resolution: "abbrev@npm:5.0.0"
  checksum: 10c0/8e88f5c798ea4562d28c5a3e9ad69e3879890bc5d695d8f2dffb8609be4c890aacc8f80ef4553fdd2c6a62d70c2ce8bc57b38074e383beb7487bdafa9ed42ea5
  languageName: node
  linkType: hard

"accepts@npm:~1.3.4":
  version: 1.3.8
  resolution: "accepts@npm:1.3.8"
  dependencies:
    mime-types: "npm:~2.1.34"
    negotiator: "npm:0.6.3"
  checksum: 10c0/3a35c5f5586cfb9a21163ca47a5f77ac34fa8ceb5d17d2fa2c0d81f41cbd7f8c6fa52c77e2c039acc0f4d09e71abdc51144246900f6bef5e3c4b333f77d89362
  languageName: node
  linkType: hard

"base64id@npm:2.0.0, base64id@npm:~2.0.0":
  version: 2.0.0
  resolution: "base64id@npm:2.0.0"
  checksum: 10c0/6919efd237ed44b9988cbfc33eca6f173a10e810ce50292b271a1a421aac7748ef232a64d1e6032b08f19aae48dce6ee8f66c5ae2c9e5066c82b884861d4d453
  languageName: node
  linkType: hard

"bufferutil@npm:^4.1.0":
  version: 4.1.0
  resolution: "bufferutil@npm:4.1.0"
  dependencies:
    node-gyp: "npm:latest"
    node-gyp-build: "npm:^4.3.0"
  checksum: 10c0/12d63bbc80a3b6525bc62a28387fca0a5aed09e41b74375c500e60721b6a1ab2960b82e48f1773eddea2b14e490f129214b8b57bd6e1a5078b6235857d658508
  languageName: node
  linkType: hard

"chownr@npm:^3.0.0":
  version: 3.0.0
  resolution: "chownr@npm:3.0.0"
  checksum: 10c0/43925b87700f7e3893296c8e9c56cc58f926411cce3a6e5898136daaf08f08b9a8eb76d37d3267e707d0dcc17aed2e2ebdf5848c0c3ce95cf910a919935c1b10
  languageName: node
  linkType: hard

"cookie@npm:~0.7.2":
  version: 0.7.2
  resolution: "cookie@npm:0.7.2"
  checksum: 10c0/9596e8ccdbf1a3a88ae02cf5ee80c1c50959423e1022e4e60b91dd87c622af1da309253d8abdb258fb5e3eacb4f08e579dc58b4897b8087574eee0fd35dfa5d2
  languageName: node
  linkType: hard

"cors@npm:~2.8.5":
  version: 2.8.6
  resolution: "cors@npm:2.8.6"
  dependencies:
    object-assign: "npm:^4"
    vary: "npm:^1"
  checksum: 10c0/ab2bc57b8af8ef8476682a59647f7c55c1a7d406b559ac06119aa1c5f70b96d35036864d197b24cf86e228e4547231088f1f94ca05061dbb14d89cc0bc9d4cab
  languageName: node
  linkType: hard

"debug@npm:~4.4.1":
  version: 4.4.3
  resolution: "debug@npm:4.4.3"
  dependencies:
    ms: "npm:^2.1.3"
  peerDependenciesMeta:
    supports-color:
      optional: true
  checksum: 10c0/d79136ec6c83ecbefd0f6a5593da6a9c91ec4d7ddc4b54c883d6e71ec9accb5f67a1a5e96d00a328196b5b5c86d365e98d8a3a70856aaf16b4e7b1985e67f5a6
  languageName: node
  linkType: hard

"eiows@npm:^9.2.0":
  version: 9.2.0
  resolution: "eiows@npm:9.2.0"
  dependencies:
    node-gyp: "npm:latest"
  checksum: 10c0/f82b5d684bff126e7d764e863d7ebd28af5d93d21ad83f7a62e6071836d0d5961ec06d5d1044e3306685cf2cba8a957054763c2b7863f603e7d6bfa53be81c09
  conditions: (!os=win32 | os=linux | os=freebsd | os=darwin)
  languageName: node
  linkType: hard

"engine.io-parser@npm:~5.2.1":
  version: 5.2.3
  resolution: "engine.io-parser@npm:5.2.3"
  checksum: 10c0/ed4900d8dbef470ab3839ccf3bfa79ee518ea8277c7f1f2759e8c22a48f64e687ea5e474291394d0c94f84054749fd93f3ef0acb51fa2f5f234cc9d9d8e7c536
  languageName: node
  linkType: hard

"engine.io@npm:~6.6.0":
  version: 6.6.9
  resolution: "engine.io@npm:6.6.9"
  dependencies:
    "@types/cors": "npm:^2.8.12"
    "@types/node": "npm:>=10.0.0"
    "@types/ws": "npm:^8.5.12"
    accepts: "npm:~1.3.4"
    base64id: "npm:2.0.0"
    cookie: "npm:~0.7.2"
    cors: "npm:~2.8.5"
    debug: "npm:~4.4.1"
    engine.io-parser: "npm:~5.2.1"
    ws: "npm:~8.21.0"
  checksum: 10c0/8e4a64b6e3861ffc3ab3fa7f864fd06358b918b85696c5fb53113ddde6661bb2f31f2d091a2613511ff16dbb0bff970a166e5c2dfaf2be51a022f7e6573b1153
  languageName: node
  linkType: hard

"env-paths@npm:^2.2.0":
  version: 2.2.1
  resolution: "env-paths@npm:2.2.1"
  checksum: 10c0/285325677bf00e30845e330eec32894f5105529db97496ee3f598478e50f008c5352a41a30e5e72ec9de8a542b5a570b85699cd63bd2bc646dbcb9f311d83bc4
  languageName: node
  linkType: hard

"exponential-backoff@npm:^3.1.1":
  version: 3.1.3
  resolution: "exponential-backoff@npm:3.1.3"
  checksum: 10c0/77e3ae682b7b1f4972f563c6dbcd2b0d54ac679e62d5d32f3e5085feba20483cf28bd505543f520e287a56d4d55a28d7874299941faf637e779a1aa5994d1267
  languageName: node
  linkType: hard

"fdir@npm:^6.5.0":
  version: 6.5.0
  resolution: "fdir@npm:6.5.0"
  peerDependencies:
    picomatch: ^3 || ^4
  peerDependenciesMeta:
    picomatch:
      optional: true
  checksum: 10c0/e345083c4306b3aed6cb8ec551e26c36bab5c511e99ea4576a16750ddc8d3240e63826cc624f5ae17ad4dc82e68a253213b60d556c11bfad064b7607847ed07f
  languageName: node
  linkType: hard

"graceful-fs@npm:^4.2.6":
  version: 4.2.11
  resolution: "graceful-fs@npm:4.2.11"
  checksum: 10c0/386d011a553e02bc594ac2ca0bd6d9e4c22d7fa8cfbfc448a6d148c59ea881b092db9dbe3547ae4b88e55f1b01f7c4a2ecc53b310c042793e63aa44cf6c257f2
  languageName: node
  linkType: hard

"isexe@npm:^4.0.0":
  version: 4.0.0
  resolution: "isexe@npm:4.0.0"
  checksum: 10c0/5884815115bceac452877659a9c7726382531592f43dc29e5d48b7c4100661aed54018cb90bd36cb2eaeba521092570769167acbb95c18d39afdccbcca06c5ce
  languageName: node
  linkType: hard

"mime-db@npm:1.52.0":
  version: 1.52.0
  resolution: "mime-db@npm:1.52.0"
  checksum: 10c0/0557a01deebf45ac5f5777fe7740b2a5c309c6d62d40ceab4e23da9f821899ce7a900b7ac8157d4548ddbb7beffe9abc621250e6d182b0397ec7f10c7b91a5aa
  languageName: node
  linkType: hard

"mime-types@npm:~2.1.34":
  version: 2.1.35
  resolution: "mime-types@npm:2.1.35"
  dependencies:
    mime-db: "npm:1.52.0"
  checksum: 10c0/82fb07ec56d8ff1fc999a84f2f217aa46cb6ed1033fefaabd5785b9a974ed225c90dc72fff460259e66b95b73648596dbcc50d51ed69cdf464af2d237d3149b2
  languageName: node
  linkType: hard

"minipass@npm:^7.0.4, minipass@npm:^7.1.2":
  version: 7.1.3
  resolution: "minipass@npm:7.1.3"
  checksum: 10c0/539da88daca16533211ea5a9ee98dc62ff5742f531f54640dd34429e621955e91cc280a91a776026264b7f9f6735947629f920944e9c1558369e8bf22eb33fbb
  languageName: node
  linkType: hard

"minizlib@npm:^3.1.0":
  version: 3.1.0
  resolution: "minizlib@npm:3.1.0"
  dependencies:
    minipass: "npm:^7.1.2"
  checksum: 10c0/5aad75ab0090b8266069c9aabe582c021ae53eb33c6c691054a13a45db3b4f91a7fb1bd79151e6b4e9e9a86727b522527c0a06ec7d45206b745d54cd3097bcec
  languageName: node
  linkType: hard

"ms@npm:^2.1.3":
  version: 2.1.3
  resolution: "ms@npm:2.1.3"
  checksum: 10c0/d924b57e7312b3b63ad21fc5b3dc0af5e78d61a1fc7cfb5457edaf26326bf62be5307cc87ffb6862ef1c2b33b0233cdb5d4f01c4c958cc0d660948b65a287a48
  languageName: node
  linkType: hard

"negotiator@npm:0.6.3":
  version: 0.6.3
  resolution: "negotiator@npm:0.6.3"
  checksum: 10c0/3ec9fd413e7bf071c937ae60d572bc67155262068ed522cf4b3be5edbe6ddf67d095ec03a3a14ebf8fc8e95f8e1d61be4869db0dbb0de696f6b837358bd43fc2
  languageName: node
  linkType: hard

"node-gyp-build@npm:^4.3.0":
  version: 4.8.4
  resolution: "node-gyp-build@npm:4.8.4"
  bin:
    node-gyp-build: bin.js
    node-gyp-build-optional: optional.js
    node-gyp-build-test: build-test.js
  checksum: 10c0/444e189907ece2081fe60e75368784f7782cfddb554b60123743dfb89509df89f1f29c03bbfa16b3a3e0be3f48799a4783f487da6203245fa5bed239ba7407e1
  languageName: node
  linkType: hard

"node-gyp@npm:latest":
  version: 13.0.0
  resolution: "node-gyp@npm:13.0.0"
  dependencies:
    env-paths: "npm:^2.2.0"
    exponential-backoff: "npm:^3.1.1"
    graceful-fs: "npm:^4.2.6"
    nopt: "npm:^10.0.0"
    proc-log: "npm:^7.0.0"
    semver: "npm:^7.3.5"
    tar: "npm:^7.5.4"
    tinyglobby: "npm:^0.2.12"
    undici: "npm:^6.25.0"
    which: "npm:^7.0.0"
  bin:
    node-gyp: bin/node-gyp.js
  checksum: 10c0/e7525c427db2d16aa368b8947187de83083d2a8dda23e3e096a71c22ae637ac5bb8ed7cf6c871f1b9118cd2729dbfee4ff3a4245e2b79226900227b15831b492
  languageName: node
  linkType: hard

"nopt@npm:^10.0.0":
  version: 10.0.1
  resolution: "nopt@npm:10.0.1"
  dependencies:
    abbrev: "npm:^5.0.0"
  bin:
    nopt: bin/nopt.js
  checksum: 10c0/980d89257f9587f3e1f77877ddbf905d6aa3b738ec33e49a4fa1a059a0dd82eb28063982b150654a7ae9de386f2ead60e56172db7d37cf56de545f7392a2a26a
  languageName: node
  linkType: hard

"object-assign@npm:^4":
  version: 4.1.1
  resolution: "object-assign@npm:4.1.1"
  checksum: 10c0/1f4df9945120325d041ccf7b86f31e8bcc14e73d29171e37a7903050e96b81323784ec59f93f102ec635bcf6fa8034ba3ea0a8c7e69fa202b87ae3b6cec5a414
  languageName: node
  linkType: hard

"picomatch@npm:^4.0.4":
  version: 4.0.4
  resolution: "picomatch@npm:4.0.4"
  checksum: 10c0/e2c6023372cc7b5764719a5ffb9da0f8e781212fa7ca4bd0562db929df8e117460f00dff3cb7509dacfc06b86de924b247f504d0ce1806a37fac4633081466b0
  languageName: node
  linkType: hard

"proc-log@npm:^7.0.0":
  version: 7.0.0
  resolution: "proc-log@npm:7.0.0"
  checksum: 10c0/b89c2d862604f35fec795477b0c7e376feab3ba0d4f4d291c4e959567442697cf451ac557d0623c1cc38af45a78128b983410f397a10c5d3a67f76c33de4754b
  languageName: node
  linkType: hard

"semver@npm:^7.3.5":
  version: 7.8.4
  resolution: "semver@npm:7.8.4"
  bin:
    semver: bin/semver.js
  checksum: 10c0/81b7c296fd7927b80f67fa516b75fa1017caac8167795320de28e76ccbc6f7f01763c30ecd10d6a0d8fd089708ab0548a5aebb94b0870e99c2a2b4600a46389b
  languageName: node
  linkType: hard

"socket.io-adapter@npm:~2.5.2":
  version: 2.5.8
  resolution: "socket.io-adapter@npm:2.5.8"
  dependencies:
    debug: "npm:~4.4.1"
    ws: "npm:~8.21.0"
  checksum: 10c0/17fc68a7953d6b640b78b2191d8a575b30c7efb9fdec91b4f0788e2f9d093dfb9a84f6fcb396f9b922c32dd0584b01c2d3410a8f69b4cae3f309530b8859bc8a
  languageName: node
  linkType: hard

"socket.io-parser@npm:~4.2.4":
  version: 4.2.6
  resolution: "socket.io-parser@npm:4.2.6"
  dependencies:
    "@socket.io/component-emitter": "npm:~3.1.0"
    debug: "npm:~4.4.1"
  checksum: 10c0/ba0a0b541b0a8e9d02b45c04c4c93a02331be5ea3478073c65bb9ff87032f12469c9adb309728eb90c0a352618d645ab88999c167a11c783cac861d7fd35c9d1
  languageName: node
  linkType: hard

"socket.io@npm:^4.8.3":
  version: 4.8.3
  resolution: "socket.io@npm:4.8.3"
  dependencies:
    accepts: "npm:~1.3.4"
    base64id: "npm:~2.0.0"
    cors: "npm:~2.8.5"
    debug: "npm:~4.4.1"
    engine.io: "npm:~6.6.0"
    socket.io-adapter: "npm:~2.5.2"
    socket.io-parser: "npm:~4.2.4"
  checksum: 10c0/1f7c4118cdbcb346e63db9d8fd657c3dc5caf148404762ed98ac14c4e7b74984a65fe51657bfe1696adcf7c168d1a3aad4a26b52864ce8491556f38218598f0b
  languageName: node
  linkType: hard

"tar@npm:^7.5.4":
  version: 7.5.16
  resolution: "tar@npm:7.5.16"
  dependencies:
    "@isaacs/fs-minipass": "npm:^4.0.0"
    chownr: "npm:^3.0.0"
    minipass: "npm:^7.1.2"
    minizlib: "npm:^3.1.0"
    yallist: "npm:^5.0.0"
  checksum: 10c0/4f37f3c4bd2ca2755fd736a5df1d573c1a868ec1b1e893346aeafa95ac510f9e2fd1469420bd866cc7904799e5bd4ac62b5d4f03fe27747d6e1e373b44505c5c
  languageName: node
  linkType: hard

"tinyglobby@npm:^0.2.12":
  version: 0.2.17
  resolution: "tinyglobby@npm:0.2.17"
  dependencies:
    fdir: "npm:^6.5.0"
    picomatch: "npm:^4.0.4"
  checksum: 10c0/7f7bb0f197c88bc4b20c231e0deca4240ca3bf313a88f5a7fee93a872b84966a4d50220947c0455ad07a60b3b360961c5b7fd979222aeb716a9f99b412002e4c
  languageName: node
  linkType: hard

"tvs-remote-control@workspace:.":
  version: 0.0.0-use.local
  resolution: "tvs-remote-control@workspace:."
  dependencies:
    bufferutil: "npm:^4.1.0"
    eiows: "npm:^9.2.0"
    socket.io: "npm:^4.8.3"
    utf-8-validate: "npm:^6.0.6"
    ws: "npm:^8.21.0"
  dependenciesMeta:
    bufferutil:
      optional: true
    utf-8-validate:
      optional: true
  languageName: unknown
  linkType: soft

"undici-types@npm:>=7.24.0 <7.24.7":
  version: 7.24.6
  resolution: "undici-types@npm:7.24.6"
  checksum: 10c0/d9cd8befb643ac904615c280a095ba4240531f6bb4a5e75a22a7483630ca8d3f1016d2ab6ace6ceda1f63b3a2db2fe037fafe121d6917a0187573aa548ff78ca
  languageName: node
  linkType: hard

"undici@npm:^6.25.0":
  version: 6.27.0
  resolution: "undici@npm:6.27.0"
  checksum: 10c0/f88c3dae3957dbf9d93cb481440aced317bd3c4941b5914fea5efba516d51138988cdb5c76006f0bb1337e41d56c3443351055d492e73af2428521c37ba2a76f
  languageName: node
  linkType: hard

"utf-8-validate@npm:^6.0.6":
  version: 6.0.6
  resolution: "utf-8-validate@npm:6.0.6"
  dependencies:
    node-gyp: "npm:latest"
    node-gyp-build: "npm:^4.3.0"
  checksum: 10c0/88c3581c43b9f824f0939b0da0ecf0cf092ff944ace7be517a5459bc18fe1884fc4acda3502ed369b4ce44baf40590a8f1e820c43a425df0758f2ba76b055f77
  languageName: node
  linkType: hard

"vary@npm:^1":
  version: 1.1.2
  resolution: "vary@npm:1.1.2"
  checksum: 10c0/f15d588d79f3675135ba783c91a4083dcd290a2a5be9fcb6514220a1634e23df116847b1cc51f66bfb0644cf9353b2abb7815ae499bab06e46dd33c1a6bf1f4f
  languageName: node
  linkType: hard

"which@npm:^7.0.0":
  version: 7.0.0
  resolution: "which@npm:7.0.0"
  dependencies:
    isexe: "npm:^4.0.0"
  bin:
    node-which: bin/which.js
  checksum: 10c0/ca0b54f198f78bbc4b7c02e34bda8d335cb352e0adb4cbca1c37b1a957af3a879a82c4c27ca6525bc942f548d8b64f816ef6528360af9f3de55ffb9b979b620d
  languageName: node
  linkType: hard

"ws@npm:^8.21.0, ws@npm:~8.21.0":
  version: 8.21.0
  resolution: "ws@npm:8.21.0"
  peerDependencies:
    bufferutil: ^4.0.1
    utf-8-validate: ">=5.0.2"
  peerDependenciesMeta:
    bufferutil:
      optional: true
    utf-8-validate:
      optional: true
  checksum: 10c0/ef4a243476283fc49bc7550966c4af4aa0eef56273837211e700de3b664e08604a760cdddcb5ba43c049140e74ccfec5b0ee0bb439e08c2adf9138902fdde5f9
  languageName: node
  linkType: hard

"yallist@npm:^5.0.0":
  version: 5.0.0
  resolution: "yallist@npm:5.0.0"
  checksum: 10c0/a499c81ce6d4a1d260d4ea0f6d49ab4da09681e32c3f0472dee16667ed69d01dae63a3b81745a24bd78476ec4fcf856114cb4896ace738e01da34b2c42235416
  languageName: node
  linkType: hard
